
Microsoft Visual Studio Solution File, Format Version 12.00
# Visual Studio Version 17
VisualStudioVersion = 17.8.34330.188
MinimumVisualStudioVersion = 10.0.40219.1
Project("{FAE04EC0-301F-11D3-BF4B-00C04F79EFBC}") = "Transport Mangement System", "Transport Mangement System.csproj", "{84B770AC-DCE6-42D7-AC82-37282B4420AF}"
EndProject
Global
	GlobalSection(SolutionConfigurationPlatforms) = preSolution
		Debug|Any CPU = Debug|Any CPU
		Release|Any CPU = Release|Any CPU
	EndGlobalSection
	GlobalSection(ProjectConfigurationPlatforms) = postSolution
		{84B770AC-DCE6-42D7-AC82-37282B4420AF}.Debug|Any CPU.ActiveCfg = Debug|Any CPU
		{84B770AC-DCE6-42D7-AC82-37282B4420AF}.Debug|Any CPU.Build.0 = Debug|Any CPU
		{84B770AC-DCE6-42D7-AC82-37282B4420AF}.Release|Any CPU.ActiveCfg = Release|Any CPU
		{84B770AC-DCE6-42D7-AC82-37282B4420AF}.Release|Any CPU.Build.0 = Release|Any CPU
	EndGlobalSection
	GlobalSection(SolutionProperties) = preSolution
		HideSolutionNode = FALSE
	EndGlobalSection
	GlobalSection(ExtensibilityGlobals) = postSolution
		SolutionGuid = {D87FA9AA-232D-48F5-9286-9EA298A30F0C}
	EndGlobalSection
EndGlobal
